
Microsoft Visual Studio Solution File, Format Version 12.00
# Visual Studio 15
VisualStudioVersion = 15.0.28010.2016
MinimumVisualStudioVersion = 10.0.40219.1
Project("{FAE04EC0-301F-11D3-BF4B-00C04F79EFBC}") = "Bela", "Bela\Bela.csproj", "{48B13F00-D273-431C-AF89-4B38AD147783}"
EndProject
Global
	GlobalSection(SolutionConfigurationPlatforms) = preSolution
		Debug|Any CPU = Debug|Any CPU
		Release|Any CPU = Release|Any CPU
	EndGlobalSection
	GlobalSection(ProjectConfigurationPlatforms) = postSolution
		{48B13F00-D273-431C-AF89-4B38AD147783}.Debug|Any CPU.ActiveCfg = Debug|Any CPU
		{48B13F00-D273-431C-AF89-4B38AD147783}.Debug|Any CPU.Build.0 = Debug|Any CPU
		{48B13F00-D273-431C-AF89-4B38AD147783}.Release|Any CPU.ActiveCfg = Release|Any CPU
		{48B13F00-D273-431C-AF89-4B38AD147783}.Release|Any CPU.Build.0 = Release|Any CPU
	EndGlobalSection
	GlobalSection(SolutionProperties) = preSolution
		HideSolutionNode = FALSE
	EndGlobalSection
	GlobalSection(ExtensibilityGlobals) = postSolution
		SolutionGuid = {F4A3F1AD-CF9F-4347-88DF-FA55A5EE377F}
	EndGlobalSection
EndGlobal
