
Microsoft Visual Studio Solution File, Format Version 12.00
# Visual Studio 15
VisualStudioVersion = 15.0.28010.2016
MinimumVisualStudioVersion = 10.0.40219.1
Project("{FAE04EC0-301F-11D3-BF4B-00C04F79EFBC}") = "Reverse Rot", "Reverse Rot\Reverse Rot.csproj", "{1934DF6B-4335-4010-B3F4-B5DF4EB2741C}"
EndProject
Global
	GlobalSection(SolutionConfigurationPlatforms) = preSolution
		Debug|Any CPU = Debug|Any CPU
		Release|Any CPU = Release|Any CPU
	EndGlobalSection
	GlobalSection(ProjectConfigurationPlatforms) = postSolution
		{1934DF6B-4335-4010-B3F4-B5DF4EB2741C}.Debug|Any CPU.ActiveCfg = Debug|Any CPU
		{1934DF6B-4335-4010-B3F4-B5DF4EB2741C}.Debug|Any CPU.Build.0 = Debug|Any CPU
		{1934DF6B-4335-4010-B3F4-B5DF4EB2741C}.Release|Any CPU.ActiveCfg = Release|Any CPU
		{1934DF6B-4335-4010-B3F4-B5DF4EB2741C}.Release|Any CPU.Build.0 = Release|Any CPU
	EndGlobalSection
	GlobalSection(SolutionProperties) = preSolution
		HideSolutionNode = FALSE
	EndGlobalSection
	GlobalSection(ExtensibilityGlobals) = postSolution
		SolutionGuid = {D81E630B-63D1-4066-811E-E412BECD325C}
	EndGlobalSection
EndGlobal
